
Microsoft Visual Studio Solution File, Format Version 12.00
# Visual Studio Version 16
VisualStudioVersion = 16.0.31129.286
MinimumVisualStudioVersion = 10.0.40219.1
Project("{FAE04EC0-301F-11D3-BF4B-00C04F79EFBC}") = "NewsManagement", "NewsManagement\NewsManagement.csproj", "{F54D6908-663D-4943-87F0-88EB961F0C2B}"
EndProject
Global
	GlobalSection(SolutionConfigurationPlatforms) = preSolution
		Debug|Any CPU = Debug|Any CPU
		Release|Any CPU = Release|Any CPU
	EndGlobalSection
	GlobalSection(ProjectConfigurationPlatforms) = postSolution
		{F54D6908-663D-4943-87F0-88EB961F0C2B}.Debug|Any CPU.ActiveCfg = Debug|Any CPU
		{F54D6908-663D-4943-87F0-88EB961F0C2B}.Debug|Any CPU.Build.0 = Debug|Any CPU
		{F54D6908-663D-4943-87F0-88EB961F0C2B}.Release|Any CPU.ActiveCfg = Release|Any CPU
		{F54D6908-663D-4943-87F0-88EB961F0C2B}.Release|Any CPU.Build.0 = Release|Any CPU
	EndGlobalSection
	GlobalSection(SolutionProperties) = preSolution
		HideSolutionNode = FALSE
	EndGlobalSection
	GlobalSection(ExtensibilityGlobals) = postSolution
		SolutionGuid = {84853D12-7548-4D35-9E35-C4AE0B8B0552}
	EndGlobalSection
EndGlobal
